
Microsoft Visual Studio Solution File, Format Version 12.00
# Visual Studio Version 16
VisualStudioVersion = 16.0.31605.320
MinimumVisualStudioVersion = 10.0.40219.1
Project("{FAE04EC0-301F-11D3-BF4B-00C04F79EFBC}") = "todocris.Common", "todocris.Common\todocris.Common.csproj", "{C96B723C-753E-4F2A-83D8-8F38A9346768}"
EndProject
Project("{FAE04EC0-301F-11D3-BF4B-00C04F79EFBC}") = "todocris.Functions", "todocris.Functions\todocris.Functions.csproj", "{A9F8129B-113C-4116-B686-CC854769392E}"
EndProject
Project("{FAE04EC0-301F-11D3-BF4B-00C04F79EFBC}") = "todocris.Test", "todocris.Test\todocris.Test.csproj", "{E8C5753C-6BA2-4633-A093-55643B7C9791}"
EndProject
Global
	GlobalSection(SolutionConfigurationPlatforms) = preSolution
		Debug|Any CPU = Debug|Any CPU
		Release|Any CPU = Release|Any CPU
	EndGlobalSection
	GlobalSection(ProjectConfigurationPlatforms) = postSolution
		{C96B723C-753E-4F2A-83D8-8F38A9346768}.Debug|Any CPU.ActiveCfg = Debug|Any CPU
		{C96B723C-753E-4F2A-83D8-8F38A9346768}.Debug|Any CPU.Build.0 = Debug|Any CPU
		{C96B723C-753E-4F2A-83D8-8F38A9346768}.Release|Any CPU.ActiveCfg = Release|Any CPU
		{C96B723C-753E-4F2A-83D8-8F38A9346768}.Release|Any CPU.Build.0 = Release|Any CPU
		{A9F8129B-113C-4116-B686-CC854769392E}.Debug|Any CPU.ActiveCfg = Debug|Any CPU
		{A9F8129B-113C-4116-B686-CC854769392E}.Debug|Any CPU.Build.0 = Debug|Any CPU
		{A9F8129B-113C-4116-B686-CC854769392E}.Release|Any CPU.ActiveCfg = Release|Any CPU
		{A9F8129B-113C-4116-B686-CC854769392E}.Release|Any CPU.Build.0 = Release|Any CPU
		{E8C5753C-6BA2-4633-A093-55643B7C9791}.Debug|Any CPU.ActiveCfg = Debug|Any CPU
		{E8C5753C-6BA2-4633-A093-55643B7C9791}.Debug|Any CPU.Build.0 = Debug|Any CPU
		{E8C5753C-6BA2-4633-A093-55643B7C9791}.Release|Any CPU.ActiveCfg = Release|Any CPU
		{E8C5753C-6BA2-4633-A093-55643B7C9791}.Release|Any CPU.Build.0 = Release|Any CPU
	EndGlobalSection
	GlobalSection(SolutionProperties) = preSolution
		HideSolutionNode = FALSE
	EndGlobalSection
	GlobalSection(ExtensibilityGlobals) = postSolution
		SolutionGuid = {73B6F356-2C76-44DF-8A5E-F9334EFC7167}
	EndGlobalSection
EndGlobal
